
Microsoft Visual Studio Solution File, Format Version 12.00
# Visual Studio Version 16
VisualStudioVersion = 16.0.30907.101
MinimumVisualStudioVersion = 10.0.40219.1
Project("{FAE04EC0-301F-11D3-BF4B-00C04F79EFBC}") = "Lottery", "Lottery\Lottery.csproj", "{2774DAD0-EB55-4772-88A5-C429A9A518CE}"
EndProject
Global
	GlobalSection(SolutionConfigurationPlatforms) = preSolution
		Debug|Any CPU = Debug|Any CPU
		Release|Any CPU = Release|Any CPU
	EndGlobalSection
	GlobalSection(ProjectConfigurationPlatforms) = postSolution
		{2774DAD0-EB55-4772-88A5-C429A9A518CE}.Debug|Any CPU.ActiveCfg = Debug|Any CPU
		{2774DAD0-EB55-4772-88A5-C429A9A518CE}.Debug|Any CPU.Build.0 = Debug|Any CPU
		{2774DAD0-EB55-4772-88A5-C429A9A518CE}.Release|Any CPU.ActiveCfg = Release|Any CPU
		{2774DAD0-EB55-4772-88A5-C429A9A518CE}.Release|Any CPU.Build.0 = Release|Any CPU
	EndGlobalSection
	GlobalSection(SolutionProperties) = preSolution
		HideSolutionNode = FALSE
	EndGlobalSection
	GlobalSection(ExtensibilityGlobals) = postSolution
		SolutionGuid = {C8F854E3-66B1-4D49-92B8-6A1AE7C973CA}
	EndGlobalSection
EndGlobal
